// !$*UTF8*$!
{
	archiveVersion = 1;
	classes = {
	};
	objectVersion = 46;
	objects = {

/* Begin PBXBuildFile section */
		3607604E1B249BF90022897D /* AppDelegate.swift in Sources */ = {isa = PBXBuildFile; fileRef = 3607604D1B249BF90022897D /* AppDelegate.swift */; };
		360760501B249BF90022897D /* ViewController.swift in Sources */ = {isa = PBXBuildFile; fileRef = 3607604F1B249BF90022897D /* ViewController.swift */; };
		360760531B249BF90022897D /* Main.storyboard in Resources */ = {isa = PBXBuildFile; fileRef = 360760511B249BF90022897D /* Main.storyboard */; };
		360760551B249BF90022897D /* Images.xcassets in Resources */ = {isa = PBXBuildFile; fileRef = 360760541B249BF90022897D /* Images.xcassets */; };
		360760581B249BF90022897D /* LaunchScreen.xib in Resources */ = {isa = PBXBuildFile; fileRef = 360760561B249BF90022897D /* LaunchScreen.xib */; };
		360760641B249BFA0022897D /* MichMediTransTests.swift in Sources */ = {isa = PBXBuildFile; fileRef = 360760631B249BFA0022897D /* MichMediTransTests.swift */; };
/* End PBXBuildFile section */

/* Begin PBXContainerItemProxy section */
		3607605E1B249BFA0022897D /* PBXContainerItemProxy */ = {
			isa = PBXContainerItemProxy;
			containerPortal = 360760401B249BF70022897D /* Project object */;
			proxyType = 1;
			remoteGlobalIDString = 360760471B249BF80022897D;
			remoteInfo = MichMediTrans;
		};
/* End PBXContainerItemProxy section */

/* Begin PBXFileReference section */
		360760481B249BF90022897D /* MichMediTrans.app */ = {isa = PBXFileReference; explicitFileType = wrapper.application; includeInIndex = 0; path = MichMediTrans.app; sourceTree = BUILT_PRODUCTS_DIR; };
		3607604C1B249BF90022897D /* Info.plist */ = {isa = PBXFileReference; lastKnownFileType = text.plist.xml; path = Info.plist; sourceTree = "<group>"; };
		3607604D1B249BF90022897D /* AppDelegate.swift */ = {isa = PBXFileReference; lastKnownFileType = sourcecode.swift; path = AppDelegate.swift; sourceTree = "<group>"; };
		3607604F1B249BF90022897D /* ViewController.swift */ = {isa = PBXFileReference; lastKnownFileType = sourcecode.swift; path = ViewController.swift; sourceTree = "<group>"; };
		360760521B249BF90022897D /* Base */ = {isa = PBXFileReference; lastKnownFileType = file.storyboard; name = Base; path = Base.lproj/Main.storyboard; sourceTree = "<group>"; };
		360760541B249BF90022897D /* Images.xcassets */ = {isa = PBXFileReference; lastKnownFileType = folder.assetcatalog; path = Images.xcassets; sourceTree = "<group>"; };
		360760571B249BF90022897D /* Base */ = {isa = PBXFileReference; lastKnownFileType = file.xib; name = Base; path = Base.lproj/LaunchScreen.xib; sourceTree = "<group>"; };
		3607605D1B249BFA0022897D /* MichMediTransTests.xctest */ = {isa = PBXFileReference; explicitFileType = wrapper.cfbundle; includeInIndex = 0; path = MichMediTransTests.xctest; sourceTree = BUILT_PRODUCTS_DIR; };
		360760621B249BFA0022897D /* Info.plist */ = {isa = PBXFileReference; lastKnownFileType = text.plist.xml; path = Info.plist; sourceTree = "<group>"; };
		360760631B249BFA0022897D /* MichMediTransTests.swift */ = {isa = PBXFileReference; lastKnownFileType = sourcecode.swift; path = MichMediTransTests.swift; sourceTree = "<group>"; };
/* End PBXFileReference section */

/* Begin PBXFrameworksBuildPhase section */
		360760451B249BF80022897D /* Frameworks */ = {
			isa = PBXFrameworksBuildPhase;
			buildActionMask = 2147483647;
			files = (
			);
			runOnlyForDeploymentPostprocessing = 0;
		};
		3607605A1B249BFA0022897D /* Frameworks */ = {
			isa = PBXFrameworksBuildPhase;
			buildActionMask = 2147483647;
			files = (
			);
			runOnlyForDeploymentPostprocessing = 0;
		};
/* End PBXFrameworksBuildPhase section */

/* Begin PBXGroup section */
		3607603F1B249BF60022897D = {
			isa = PBXGroup;
			children = (
				3607604A1B249BF90022897D /* MichMediTrans */,
				360760601B249BFA0022897D /* MichMediTransTests */,
				360760491B249BF90022897D /* Products */,
			);
			sourceTree = "<group>";
		};
		360760491B249BF90022897D /* Products */ = {
			isa = PBXGroup;
			children = (
				360760481B249BF90022897D /* MichMediTrans.app */,
				3607605D1B249BFA0022897D /* MichMediTransTests.xctest */,
			);
			name = Products;
			sourceTree = "<group>";
		};
		3607604A1B249BF90022897D /* MichMediTrans */ = {
			isa = PBXGroup;
			children = (
				3607604D1B249BF90022897D /* AppDelegate.swift */,
				3607604F1B249BF90022897D /* ViewController.swift */,
				360760511B249BF90022897D /* Main.storyboard */,
				360760541B249BF90022897D /* Images.xcassets */,
				360760561B249BF90022897D /* LaunchScreen.xib */,
				3607604B1B249BF90022897D /* Supporting Files */,
			);
			path = MichMediTrans;
			sourceTree = "<group>";
		};
		3607604B1B249BF90022897D /* Supporting Files */ = {
			isa = PBXGroup;
			children = (
				3607604C1B249BF90022897D /* Info.plist */,
			);
			name = "Supporting Files";
			sourceTree = "<group>";
		};
		360760601B249BFA0022897D /* MichMediTransTests */ = {
			isa = PBXGroup;
			children = (
				360760631B249BFA0022897D /* MichMediTransTests.swift */,
				360760611B249BFA0022897D /* Supporting Files */,
			);
			path = MichMediTransTests;
			sourceTree = "<group>";
		};
		360760611B249BFA0022897D /* Supporting Files */ = {
			isa = PBXGroup;
			children = (
				360760621B249BFA0022897D /* Info.plist */,
			);
			name = "Supporting Files";
			sourceTree = "<group>";
		};
/* End PBXGroup section */

/* Begin PBXNativeTarget section */
		360760471B249BF80022897D /* MichMediTrans */ = {
			isa = PBXNativeTarget;
			buildConfigurationList = 360760671B249BFA0022897D /* Build configuration list for PBXNativeTarget "MichMediTrans" */;
			buildPhases = (
				360760441B249BF80022897D /* Sources */,
				360760451B249BF80022897D /* Frameworks */,
				360760461B249BF80022897D /* Resources */,
			);
			buildRules = (
			);
			dependencies = (
			);
			name = MichMediTrans;
			productName = MichMediTrans;
			productReference = 360760481B249BF90022897D /* MichMediTrans.app */;
			productType = "com.apple.product-type.application";
		};
		3607605C1B249BFA0022897D /* MichMediTransTests */ = {
			isa = PBXNativeTarget;
			buildConfigurationList = 3607606A1B249BFA0022897D /* Build configuration list for PBXNativeTarget "MichMediTransTests" */;
			buildPhases = (
				360760591B249BFA0022897D /* Sources */,
				3607605A1B249BFA0022897D /* Frameworks */,
				3607605B1B249BFA0022897D /* Resources */,
			);
			buildRules = (
			);
			dependencies = (
				3607605F1B249BFA0022897D /* PBXTargetDependency */,
			);
			name = MichMediTransTests;
			productName = MichMediTransTests;
			productReference = 3607605D1B249BFA0022897D /* MichMediTransTests.xctest */;
			productType = "com.apple.product-type.bundle.unit-test";
		};
/* End PBXNativeTarget section */

/* Begin PBXProject section */
		360760401B249BF70022897D /* Project object */ = {
			isa = PBXProject;
			attributes = {
				LastUpgradeCheck = 0630;
				ORGANIZATIONNAME = MichMediTrans;
				TargetAttributes = {
					360760471B249BF80022897D = {
						CreatedOnToolsVersion = 6.3.2;
					};
					3607605C1B249BFA0022897D = {
						CreatedOnToolsVersion = 6.3.2;
						TestTargetID = 360760471B249BF80022897D;
					};
				};
			};
			buildConfigurationList = 360760431B249BF70022897D /* Build configuration list for PBXProject "MichMediTrans" */;
			compatibilityVersion = "Xcode 3.2";
			developmentRegion = English;
			hasScannedForEncodings = 0;
			knownRegions = (
				en,
				Base,
			);
			mainGroup = 3607603F1B249BF60022897D;
			productRefGroup = 360760491B249BF90022897D /* Products */;
			projectDirPath = "";
			projectRoot = "";
			targets = (
				360760471B249BF80022897D /* MichMediTrans */,
				3607605C1B249BFA0022897D /* MichMediTransTests */,
			);
		};
/* End PBXProject section */

/* Begin PBXResourcesBuildPhase section */
		360760461B249BF80022897D /* Resources */ = {
			isa = PBXResourcesBuildPhase;
			buildActionMask = 2147483647;
			files = (
				360760531B249BF90022897D /* Main.storyboard in Resources */,
				360760581B249BF90022897D /* LaunchScreen.xib in Resources */,
				360760551B249BF90022897D /* Images.xcassets in Resources */,
			);
			runOnlyForDeploymentPostprocessing = 0;
		};
		3607605B1B249BFA0022897D /* Resources */ = {
			isa = PBXResourcesBuildPhase;
			buildActionMask = 2147483647;
			files = (
			);
			runOnlyForDeploymentPostprocessing = 0;
		};
/* End PBXResourcesBuildPhase section */

/* Begin PBXSourcesBuildPhase section */
		360760441B249BF80022897D /* Sources */ = {
			isa = PBXSourcesBuildPhase;
			buildActionMask = 2147483647;
			files = (
				360760501B249BF90022897D /* ViewController.swift in Sources */,
				3607604E1B249BF90022897D /* AppDelegate.swift in Sources */,
			);
			runOnlyForDeploymentPostprocessing = 0;
		};
		360760591B249BFA0022897D /* Sources */ = {
			isa = PBXSourcesBuildPhase;
			buildActionMask = 2147483647;
			files = (
				360760641B249BFA0022897D /* MichMediTransTests.swift in Sources */,
			);
			runOnlyForDeploymentPostprocessing = 0;
		};
/* End PBXSourcesBuildPhase section */

/* Begin PBXTargetDependency section */
		3607605F1B249BFA0022897D /* PBXTargetDependency */ = {
			isa = PBXTargetDependency;
			target = 360760471B249BF80022897D /* MichMediTrans */;
			targetProxy = 3607605E1B249BFA0022897D /* PBXContainerItemProxy */;
		};
/* End PBXTargetDependency section */

/* Begin PBXVariantGroup section */
		360760511B249BF90022897D /* Main.storyboard */ = {
			isa = PBXVariantGroup;
			children = (
				360760521B249BF90022897D /* Base */,
			);
			name = Main.storyboard;
			sourceTree = "<group>";
		};
		360760561B249BF90022897D /* LaunchScreen.xib */ = {
			isa = PBXVariantGroup;
			children = (
				360760571B249BF90022897D /* Base */,
			);
			name = LaunchScreen.xib;
			sourceTree = "<group>";
		};
/* End PBXVariantGroup section */

/* Begin XCBuildConfiguration section */
		360760651B249BFA0022897D /* Debug */ = {
			isa = XCBuildConfiguration;
			buildSettings = {
				ALWAYS_SEARCH_USER_PATHS = NO;
				CLANG_CXX_LANGUAGE_STANDARD = "gnu++0x";
				CLANG_CXX_LIBRARY = "libc++";
				CLANG_ENABLE_MODULES = YES;
				CLANG_ENABLE_OBJC_ARC = YES;
				CLANG_WARN_BOOL_CONVERSION = YES;
				CLANG_WARN_CONSTANT_CONVERSION = YES;
				CLANG_WARN_DIRECT_OBJC_ISA_USAGE = YES_ERROR;
				CLANG_WARN_EMPTY_BODY = YES;
				CLANG_WARN_ENUM_CONVERSION = YES;
				CLANG_WARN_INT_CONVERSION = YES;
				CLANG_WARN_OBJC_ROOT_CLASS = YES_ERROR;
				CLANG_WARN_UNREACHABLE_CODE = YES;
				CLANG_WARN__DUPLICATE_METHOD_MATCH = YES;
				"CODE_SIGN_IDENTITY[sdk=iphoneos*]" = "iPhone Developer";
				COPY_PHASE_STRIP = NO;
				DEBUG_INFORMATION_FORMAT = "dwarf-with-dsym";
				ENABLE_STRICT_OBJC_MSGSEND = YES;
				GCC_C_LANGUAGE_STANDARD = gnu99;
				GCC_DYNAMIC_NO_PIC = NO;
				GCC_NO_COMMON_BLOCKS = YES;
				GCC_OPTIMIZATION_LEVEL = 0;
				GCC_PREPROCESSOR_DEFINITIONS = (
					"DEBUG=1",
					"$(inherited)",
				);
				GCC_SYMBOLS_PRIVATE_EXTERN = NO;
				GCC_WARN_64_TO_32_BIT_CONVERSION = YES;
				GCC_WARN_ABOUT_RETURN_TYPE = YES_ERROR;
				GCC_WARN_UNDECLARED_SELECTOR = YES;
				GCC_WARN_UNINITIALIZED_AUTOS = YES_AGGRESSIVE;
				GCC_WARN_UNUSED_FUNCTION = YES;
				GCC_WARN_UNUSED_VARIABLE = YES;
				IPHONEOS_DEPLOYMENT_TARGET = 8.3;
				MTL_ENABLE_DEBUG_INFO = YES;
				ONLY_ACTIVE_ARCH = YES;
				SDKROOT = iphoneos;
				SWIFT_OPTIMIZATION_LEVEL = "-Onone";
				TARGETED_DEVICE_FAMILY = "1,2";
			};
			name = Debug;
		};
		360760661B249BFA0022897D /* Release */ = {
			isa = XCBuildConfiguration;
			buildSettings = {
				ALWAYS_SEARCH_USER_PATHS = NO;
				CLANG_CXX_LANGUAGE_STANDARD = "gnu++0x";
				CLANG_CXX_LIBRARY = "libc++";
				CLANG_ENABLE_MODULES = YES;
				CLANG_ENABLE_OBJC_ARC = YES;
				CLANG_WARN_BOOL_CONVERSION = YES;
				CLANG_WARN_CONSTANT_CONVERSION = YES;
				CLANG_WARN_DIRECT_OBJC_ISA_USAGE = YES_ERROR;
				CLANG_WARN_EMPTY_BODY = YES;
				CLANG_WARN_ENUM_CONVERSION = YES;
				CLANG_WARN_INT_CONVERSION = YES;
				CLANG_WARN_OBJC_ROOT_CLASS = YES_ERROR;
				CLANG_WARN_UNREACHABLE_CODE = YES;
				CLANG_WARN__DUPLICATE_METHOD_MATCH = YES;
				"CODE_SIGN_IDENTITY[sdk=iphoneos*]" = "iPhone Developer";
				COPY_PHASE_STRIP = NO;
				DEBUG_INFORMATION_FORMAT = "dwarf-with-dsym";
				ENABLE_NS_ASSERTIONS = NO;
				ENABLE_STRICT_OBJC_MSGSEND = YES;
				GCC_C_LANGUAGE_STANDARD = gnu99;
				GCC_NO_COMMON_BLOCKS = YES;
				GCC_WARN_64_TO_32_BIT_CONVERSION = YES;
				GCC_WARN_ABOUT_RETURN_TYPE = YES_ERROR;
				GCC_WARN_UNDECLARED_SELECTOR = YES;
				GCC_WARN_UNINITIALIZED_AUTOS = YES_AGGRESSIVE;
				GCC_WARN_UNUSED_FUNCTION = YES;
				GCC_WARN_UNUSED_VARIABLE = YES;
				IPHONEOS_DEPLOYMENT_TARGET = 8.3;
				MTL_ENABLE_DEBUG_INFO = NO;
				SDKROOT = iphoneos;
				TARGETED_DEVICE_FAMILY = "1,2";
				VALIDATE_PRODUCT = YES;
			};
			name = Release;
		};
		360760681B249BFA0022897D /* Debug */ = {
			isa = XCBuildConfiguration;
			buildSettings = {
				ASSETCATALOG_COMPILER_APPICON_NAME = AppIcon;
				INFOPLIST_FILE = MichMediTrans/Info.plist;
				LD_RUNPATH_SEARCH_PATHS = "$(inherited) @executable_path/Frameworks";
				PRODUCT_NAME = "$(TARGET_NAME)";
			};
			name = Debug;
		};
		360760691B249BFA0022897D /* Release */ = {
			isa = XCBuildConfiguration;
			buildSettings = {
				ASSETCATALOG_COMPILER_APPICON_NAME = AppIcon;
				INFOPLIST_FILE = MichMediTrans/Info.plist;
				LD_RUNPATH_SEARCH_PATHS = "$(inherited) @executable_path/Frameworks";
				PRODUCT_NAME = "$(TARGET_NAME)";
			};
			name = Release;
		};
		3607606B1B249BFA0022897D /* Debug */ = {
			isa = XCBuildConfiguration;
			buildSettings = {
				BUNDLE_LOADER = "$(TEST_HOST)";
				FRAMEWORK_SEARCH_PATHS = (
					"$(SDKROOT)/Developer/Library/Frameworks",
					"$(inherited)",
				);
				GCC_PREPROCESSOR_DEFINITIONS = (
					"DEBUG=1",
					"$(inherited)",
				);
				INFOPLIST_FILE = MichMediTransTests/Info.plist;
				LD_RUNPATH_SEARCH_PATHS = "$(inherited) @executable_path/Frameworks @loader_path/Frameworks";
				PRODUCT_NAME = "$(TARGET_NAME)";
				TEST_HOST = "$(BUILT_PRODUCTS_DIR)/MichMediTrans.app/MichMediTrans";
			};
			name = Debug;
		};
		3607606C1B249BFA0022897D /* Release */ = {
			isa = XCBuildConfiguration;
			buildSettings = {
				BUNDLE_LOADER = "$(TEST_HOST)";
				FRAMEWORK_SEARCH_PATHS = (
					"$(SDKROOT)/Developer/Library/Frameworks",
					"$(inherited)",
				);
				INFOPLIST_FILE = MichMediTransTests/Info.plist;
				LD_RUNPATH_SEARCH_PATHS = "$(inherited) @executable_path/Frameworks @loader_path/Frameworks";
				PRODUCT_NAME = "$(TARGET_NAME)";
				TEST_HOST = "$(BUILT_PRODUCTS_DIR)/MichMediTrans.app/MichMediTrans";
			};
			name = Release;
		};
/* End XCBuildConfiguration section */

/* Begin XCConfigurationList section */
		360760431B249BF70022897D /* Build configuration list for PBXProject "MichMediTrans" */ = {
			isa = XCConfigurationList;
			buildConfigurations = (
				360760651B249BFA0022897D /* Debug */,
				360760661B249BFA0022897D /* Release */,
			);
			defaultConfigurationIsVisible = 0;
			defaultConfigurationName = Release;
		};
		360760671B249BFA0022897D /* Build configuration list for PBXNativeTarget "MichMediTrans" */ = {
			isa = XCConfigurationList;
			buildConfigurations = (
				360760681B249BFA0022897D /* Debug */,
				360760691B249BFA0022897D /* Release */,
			);
			defaultConfigurationIsVisible = 0;
		};
		3607606A1B249BFA0022897D /* Build configuration list for PBXNativeTarget "MichMediTransTests" */ = {
			isa = XCConfigurationList;
			buildConfigurations = (
				3607606B1B249BFA0022897D /* Debug */,
				3607606C1B249BFA0022897D /* Release */,
			);
			defaultConfigurationIsVisible = 0;
		};
/* End XCConfigurationList section */
	};
	rootObject = 360760401B249BF70022897D /* Project object */;
}
